dependencies:
- name: nginx-ingress
  repository: https://helm.nginx.com/stable
  version: 0.5.0
- name: external-dns
  repository: https://charts.bitnami.com/bitnami
  version: 3.0.2
digest: sha256:4c68ad1a80aa6598621df2e9e77890516eeffa517e6a512d1145365f8286a4cb
generated: "2020-05-26T11:02:17.732813-07:00"
