dependencies:
- name: nginx-ingress
  repository: https://helm.nginx.com/stable
  version: 0.5.0
- name: external-dns
  repository: https://charts.bitnami.com/bitnami
  version: 3.0.2
- name: postgresql
  repository: https://charts.bitnami.com/bitnami
  version: 8.10.2
digest: sha256:479c61c602bf0d56878bc919589f7d3bacca94f4d2045ecb5405f1d28663acb1
generated: "2020-06-09T19:10:36.6755927-07:00"
